// !$*UTF8*$!
{
	archiveVersion = 1;
	classes = {
	};
	objectVersion = 56;
	objects = {

/* Begin PBXBuildFile section */
		2943680329A873930007A8D6 /* AppDelegate.swift in Sources */ = {isa = PBXBuildFile; fileRef = 2943680229A873930007A8D6 /* AppDelegate.swift */; };
		2943680529A873930007A8D6 /* SceneDelegate.swift in Sources */ = {isa = PBXBuildFile; fileRef = 2943680429A873930007A8D6 /* SceneDelegate.swift */; };
		2943680729A873930007A8D6 /* ViewController.swift in Sources */ = {isa = PBXBuildFile; fileRef = 2943680629A873930007A8D6 /* ViewController.swift */; };
		2943680C29A873940007A8D6 /* Assets.xcassets in Resources */ = {isa = PBXBuildFile; fileRef = 2943680B29A873940007A8D6 /* Assets.xcassets */; };
		2943680F29A873940007A8D6 /* LaunchScreen.storyboard in Resources */ = {isa = PBXBuildFile; fileRef = 2943680D29A873940007A8D6 /* LaunchScreen.storyboard */; };
		DE6B24A07D88D879FA9CB75E /* Pods_CustomFontChallenge.framework in Frameworks */ = {isa = PBXBuildFile; fileRef = 809A15976810F580383BB8CB /* Pods_CustomFontChallenge.framework */; };
/* End PBXBuildFile section */

/* Begin PBXFileReference section */
		294367FF29A873930007A8D6 /* CustomFontChallenge.app */ = {isa = PBXFileReference; explicitFileType = wrapper.application; includeInIndex = 0; path = CustomFontChallenge.app; sourceTree = BUILT_PRODUCTS_DIR; };
		2943680229A873930007A8D6 /* AppDelegate.swift */ = {isa = PBXFileReference; lastKnownFileType = sourcecode.swift; path = AppDelegate.swift; sourceTree = "<group>"; };
		2943680429A873930007A8D6 /* SceneDelegate.swift */ = {isa = PBXFileReference; lastKnownFileType = sourcecode.swift; path = SceneDelegate.swift; sourceTree = "<group>"; };
		2943680629A873930007A8D6 /* ViewController.swift */ = {isa = PBXFileReference; lastKnownFileType = sourcecode.swift; path = ViewController.swift; sourceTree = "<group>"; };
		2943680B29A873940007A8D6 /* Assets.xcassets */ = {isa = PBXFileReference; lastKnownFileType = folder.assetcatalog; path = Assets.xcassets; sourceTree = "<group>"; };
		2943680E29A873940007A8D6 /* Base */ = {isa = PBXFileReference; lastKnownFileType = file.storyboard; name = Base; path = Base.lproj/LaunchScreen.storyboard; sourceTree = "<group>"; };
		2943681029A873940007A8D6 /* Info.plist */ = {isa = PBXFileReference; lastKnownFileType = text.plist.xml; path = Info.plist; sourceTree = "<group>"; };
		2943681729A874130007A8D6 /* Gaspar Regular.otf */ = {isa = PBXFileReference; lastKnownFileType = file; name = "Gaspar Regular.otf"; path = "../../../../../../Downloads/Gaspar Regular.otf"; sourceTree = "<group>"; };
		2943681829A874130007A8D6 /* MFZhiHei_Noncommercial-Regular.ttf */ = {isa = PBXFileReference; lastKnownFileType = file; name = "MFZhiHei_Noncommercial-Regular.ttf"; path = "../../../../../../Downloads/MFZhiHei_Noncommercial-Regular.ttf"; sourceTree = "<group>"; };
		2943681929A874130007A8D6 /* MFTongXin_Noncommercial-Regular.ttf */ = {isa = PBXFileReference; lastKnownFileType = file; name = "MFTongXin_Noncommercial-Regular.ttf"; path = "../../../../../../Downloads/MFTongXin_Noncommercial-Regular.ttf"; sourceTree = "<group>"; };
		2943681A29A874130007A8D6 /* MFJinHei_Noncommercial-Regular.ttf */ = {isa = PBXFileReference; lastKnownFileType = file; name = "MFJinHei_Noncommercial-Regular.ttf"; path = "../../../../../../Downloads/MFJinHei_Noncommercial-Regular.ttf"; sourceTree = "<group>"; };
		36786AEA7C1F46E5947101E1 /* Pods-CustomFontChallenge.debug.xcconfig */ = {isa = PBXFileReference; includeInIndex = 1; lastKnownFileType = text.xcconfig; name = "Pods-CustomFontChallenge.debug.xcconfig"; path = "Target Support Files/Pods-CustomFontChallenge/Pods-CustomFontChallenge.debug.xcconfig"; sourceTree = "<group>"; };
		809A15976810F580383BB8CB /* Pods_CustomFontChallenge.framework */ = {isa = PBXFileReference; explicitFileType = wrapper.framework; includeInIndex = 0; path = Pods_CustomFontChallenge.framework; sourceTree = BUILT_PRODUCTS_DIR; };
		EC95DEAC5FF99D4F61DBB710 /* Pods-CustomFontChallenge.release.xcconfig */ = {isa = PBXFileReference; includeInIndex = 1; lastKnownFileType = text.xcconfig; name = "Pods-CustomFontChallenge.release.xcconfig"; path = "Target Support Files/Pods-CustomFontChallenge/Pods-CustomFontChallenge.release.xcconfig"; sourceTree = "<group>"; };
/* End PBXFileReference section */

/* Begin PBXFrameworksBuildPhase section */
		294367FC29A873930007A8D6 /* Frameworks */ = {
			isa = PBXFrameworksBuildPhase;
			buildActionMask = 2147483647;
			files = (
				DE6B24A07D88D879FA9CB75E /* Pods_CustomFontChallenge.framework in Frameworks */,
			);
			runOnlyForDeploymentPostprocessing = 0;
		};
/* End PBXFrameworksBuildPhase section */

/* Begin PBXGroup section */
		294367F629A873930007A8D6 = {
			isa = PBXGroup;
			children = (
				2943680129A873930007A8D6 /* CustomFontChallenge */,
				2943680029A873930007A8D6 /* Products */,
				F98455642358A850F9302B76 /* Pods */,
				AC7B357D0DC5E71DE83483AE /* Frameworks */,
			);
			sourceTree = "<group>";
		};
		2943680029A873930007A8D6 /* Products */ = {
			isa = PBXGroup;
			children = (
				294367FF29A873930007A8D6 /* CustomFontChallenge.app */,
			);
			name = Products;
			sourceTree = "<group>";
		};
		2943680129A873930007A8D6 /* CustomFontChallenge */ = {
			isa = PBXGroup;
			children = (
				2943681629A874030007A8D6 /* Fonts */,
				2943680229A873930007A8D6 /* AppDelegate.swift */,
				2943680429A873930007A8D6 /* SceneDelegate.swift */,
				2943680629A873930007A8D6 /* ViewController.swift */,
				2943680B29A873940007A8D6 /* Assets.xcassets */,
				2943680D29A873940007A8D6 /* LaunchScreen.storyboard */,
				2943681029A873940007A8D6 /* Info.plist */,
			);
			path = CustomFontChallenge;
			sourceTree = "<group>";
		};
		2943681629A874030007A8D6 /* Fonts */ = {
			isa = PBXGroup;
			children = (
				2943681729A874130007A8D6 /* Gaspar Regular.otf */,
				2943681A29A874130007A8D6 /* MFJinHei_Noncommercial-Regular.ttf */,
				2943681929A874130007A8D6 /* MFTongXin_Noncommercial-Regular.ttf */,
				2943681829A874130007A8D6 /* MFZhiHei_Noncommercial-Regular.ttf */,
			);
			path = Fonts;
			sourceTree = "<group>";
		};
		AC7B357D0DC5E71DE83483AE /* Frameworks */ = {
			isa = PBXGroup;
			children = (
				809A15976810F580383BB8CB /* Pods_CustomFontChallenge.framework */,
			);
			name = Frameworks;
			sourceTree = "<group>";
		};
		F98455642358A850F9302B76 /* Pods */ = {
			isa = PBXGroup;
			children = (
				36786AEA7C1F46E5947101E1 /* Pods-CustomFontChallenge.debug.xcconfig */,
				EC95DEAC5FF99D4F61DBB710 /* Pods-CustomFontChallenge.release.xcconfig */,
			);
			name = Pods;
			path = Pods;
			sourceTree = "<group>";
		};
/* End PBXGroup section */

/* Begin PBXNativeTarget section */
		294367FE29A873930007A8D6 /* CustomFontChallenge */ = {
			isa = PBXNativeTarget;
			buildConfigurationList = 2943681329A873940007A8D6 /* Build configuration list for PBXNativeTarget "CustomFontChallenge" */;
			buildPhases = (
				E6DFF1C47788AE76F3B3EB47 /* [CP] Check Pods Manifest.lock */,
				294367FB29A873930007A8D6 /* Sources */,
				294367FC29A873930007A8D6 /* Frameworks */,
				294367FD29A873930007A8D6 /* Resources */,
				CB9451C5F4F801A09C9F80D5 /* [CP] Embed Pods Frameworks */,
			);
			buildRules = (
			);
			dependencies = (
			);
			name = CustomFontChallenge;
			productName = CustomFontChallenge;
			productReference = 294367FF29A873930007A8D6 /* CustomFontChallenge.app */;
			productType = "com.apple.product-type.application";
		};
/* End PBXNativeTarget section */

/* Begin PBXProject section */
		294367F729A873930007A8D6 /* Project object */ = {
			isa = PBXProject;
			attributes = {
				BuildIndependentTargetsInParallel = 1;
				LastSwiftUpdateCheck = 1420;
				LastUpgradeCheck = 1420;
				TargetAttributes = {
					294367FE29A873930007A8D6 = {
						CreatedOnToolsVersion = 14.2;
					};
				};
			};
			buildConfigurationList = 294367FA29A873930007A8D6 /* Build configuration list for PBXProject "CustomFontChallenge" */;
			compatibilityVersion = "Xcode 14.0";
			developmentRegion = en;
			hasScannedForEncodings = 0;
			knownRegions = (
				en,
				Base,
			);
			mainGroup = 294367F629A873930007A8D6;
			productRefGroup = 2943680029A873930007A8D6 /* Products */;
			projectDirPath = "";
			projectRoot = "";
			targets = (
				294367FE29A873930007A8D6 /* CustomFontChallenge */,
			);
		};
/* End PBXProject section */

/* Begin PBXResourcesBuildPhase section */
		294367FD29A873930007A8D6 /* Resources */ = {
			isa = PBXResourcesBuildPhase;
			buildActionMask = 2147483647;
			files = (
				2943680F29A873940007A8D6 /* LaunchScreen.storyboard in Resources */,
				2943680C29A873940007A8D6 /* Assets.xcassets in Resources */,
			);
			runOnlyForDeploymentPostprocessing = 0;
		};
/* End PBXResourcesBuildPhase section */

/* Begin PBXShellScriptBuildPhase section */
		CB9451C5F4F801A09C9F80D5 /* [CP] Embed Pods Frameworks */ = {
			isa = PBXShellScriptBuildPhase;
			buildActionMask = 2147483647;
			files = (
			);
			inputFileListPaths = (
				"${PODS_ROOT}/Target Support Files/Pods-CustomFontChallenge/Pods-CustomFontChallenge-frameworks-${CONFIGURATION}-input-files.xcfilelist",
			);
			name = "[CP] Embed Pods Frameworks";
			outputFileListPaths = (
				"${PODS_ROOT}/Target Support Files/Pods-CustomFontChallenge/Pods-CustomFontChallenge-frameworks-${CONFIGURATION}-output-files.xcfilelist",
			);
			runOnlyForDeploymentPostprocessing = 0;
			shellPath = /bin/sh;
			shellScript = "\"${PODS_ROOT}/Target Support Files/Pods-CustomFontChallenge/Pods-CustomFontChallenge-frameworks.sh\"\n";
			showEnvVarsInLog = 0;
		};
		E6DFF1C47788AE76F3B3EB47 /* [CP] Check Pods Manifest.lock */ = {
			isa = PBXShellScriptBuildPhase;
			buildActionMask = 2147483647;
			files = (
			);
			inputFileListPaths = (
			);
			inputPaths = (
				"${PODS_PODFILE_DIR_PATH}/Podfile.lock",
				"${PODS_ROOT}/Manifest.lock",
			);
			name = "[CP] Check Pods Manifest.lock";
			outputFileListPaths = (
			);
			outputPaths = (
				"$(DERIVED_FILE_DIR)/Pods-CustomFontChallenge-checkManifestLockResult.txt",
			);
			runOnlyForDeploymentPostprocessing = 0;
			shellPath = /bin/sh;
			shellScript = "diff \"${PODS_PODFILE_DIR_PATH}/Podfile.lock\" \"${PODS_ROOT}/Manifest.lock\" > /dev/null\nif [ $? != 0 ] ; then\n    # print error to STDERR\n    echo \"error: The sandbox is not in sync with the Podfile.lock. Run 'pod install' or update your CocoaPods installation.\" >&2\n    exit 1\nfi\n# This output is used by Xcode 'outputs' to avoid re-running this script phase.\necho \"SUCCESS\" > \"${SCRIPT_OUTPUT_FILE_0}\"\n";
			showEnvVarsInLog = 0;
		};
/* End PBXShellScriptBuildPhase section */

/* Begin PBXSourcesBuildPhase section */
		294367FB29A873930007A8D6 /* Sources */ = {
			isa = PBXSourcesBuildPhase;
			buildActionMask = 2147483647;
			files = (
				2943680729A873930007A8D6 /* ViewController.swift in Sources */,
				2943680329A873930007A8D6 /* AppDelegate.swift in Sources */,
				2943680529A873930007A8D6 /* SceneDelegate.swift in Sources */,
			);
			runOnlyForDeploymentPostprocessing = 0;
		};
/* End PBXSourcesBuildPhase section */

/* Begin PBXVariantGroup section */
		2943680D29A873940007A8D6 /* LaunchScreen.storyboard */ = {
			isa = PBXVariantGroup;
			children = (
				2943680E29A873940007A8D6 /* Base */,
			);
			name = LaunchScreen.storyboard;
			sourceTree = "<group>";
		};
/* End PBXVariantGroup section */

/* Begin XCBuildConfiguration section */
		2943681129A873940007A8D6 /* Debug */ = {
			isa = XCBuildConfiguration;
			buildSettings = {
				ALWAYS_SEARCH_USER_PATHS = NO;
				CLANG_ANALYZER_NONNULL = YES;
				CLANG_ANALYZER_NUMBER_OBJECT_CONVERSION = YES_AGGRESSIVE;
				CLANG_CXX_LANGUAGE_STANDARD = "gnu++20";
				CLANG_ENABLE_MODULES = YES;
				CLANG_ENABLE_OBJC_ARC = YES;
				CLANG_ENABLE_OBJC_WEAK = YES;
				CLANG_WARN_BLOCK_CAPTURE_AUTORELEASING = YES;
				CLANG_WARN_BOOL_CONVERSION = YES;
				CLANG_WARN_COMMA = YES;
				CLANG_WARN_CONSTANT_CONVERSION = YES;
				CLANG_WARN_DEPRECATED_OBJC_IMPLEMENTATIONS = YES;
				CLANG_WARN_DIRECT_OBJC_ISA_USAGE = YES_ERROR;
				CLANG_WARN_DOCUMENTATION_COMMENTS = YES;
				CLANG_WARN_EMPTY_BODY = YES;
				CLANG_WARN_ENUM_CONVERSION = YES;
				CLANG_WARN_INFINITE_RECURSION = YES;
				CLANG_WARN_INT_CONVERSION = YES;
				CLANG_WARN_NON_LITERAL_NULL_CONVERSION = YES;
				CLANG_WARN_OBJC_IMPLICIT_RETAIN_SELF = YES;
				CLANG_WARN_OBJC_LITERAL_CONVERSION = YES;
				CLANG_WARN_OBJC_ROOT_CLASS = YES_ERROR;
				CLANG_WARN_QUOTED_INCLUDE_IN_FRAMEWORK_HEADER = YES;
				CLANG_WARN_RANGE_LOOP_ANALYSIS = YES;
				CLANG_WARN_STRICT_PROTOTYPES = YES;
				CLANG_WARN_SUSPICIOUS_MOVE = YES;
				CLANG_WARN_UNGUARDED_AVAILABILITY = YES_AGGRESSIVE;
				CLANG_WARN_UNREACHABLE_CODE = YES;
				CLANG_WARN__DUPLICATE_METHOD_MATCH = YES;
				COPY_PHASE_STRIP = NO;
				DEBUG_INFORMATION_FORMAT = dwarf;
				ENABLE_STRICT_OBJC_MSGSEND = YES;
				ENABLE_TESTABILITY = YES;
				GCC_C_LANGUAGE_STANDARD = gnu11;
				GCC_DYNAMIC_NO_PIC = NO;
				GCC_NO_COMMON_BLOCKS = YES;
				GCC_OPTIMIZATION_LEVEL = 0;
				GCC_PREPROCESSOR_DEFINITIONS = (
					"DEBUG=1",
					"$(inherited)",
				);
				GCC_WARN_64_TO_32_BIT_CONVERSION = YES;
				GCC_WARN_ABOUT_RETURN_TYPE = YES_ERROR;
				GCC_WARN_UNDECLARED_SELECTOR = YES;
				GCC_WARN_UNINITIALIZED_AUTOS = YES_AGGRESSIVE;
				GCC_WARN_UNUSED_FUNCTION = YES;
				GCC_WARN_UNUSED_VARIABLE = YES;
				IPHONEOS_DEPLOYMENT_TARGET = 16.2;
				MTL_ENABLE_DEBUG_INFO = INCLUDE_SOURCE;
				MTL_FAST_MATH = YES;
				ONLY_ACTIVE_ARCH = YES;
				SDKROOT = iphoneos;
				SWIFT_ACTIVE_COMPILATION_CONDITIONS = DEBUG;
				SWIFT_OPTIMIZATION_LEVEL = "-Onone";
			};
			name = Debug;
		};
		2943681229A873940007A8D6 /* Release */ = {
			isa = XCBuildConfiguration;
			buildSettings = {
				ALWAYS_SEARCH_USER_PATHS = NO;
				CLANG_ANALYZER_NONNULL = YES;
				CLANG_ANALYZER_NUMBER_OBJECT_CONVERSION = YES_AGGRESSIVE;
				CLANG_CXX_LANGUAGE_STANDARD = "gnu++20";
				CLANG_ENABLE_MODULES = YES;
				CLANG_ENABLE_OBJC_ARC = YES;
				CLANG_ENABLE_OBJC_WEAK = YES;
				CLANG_WARN_BLOCK_CAPTURE_AUTORELEASING = YES;
				CLANG_WARN_BOOL_CONVERSION = YES;
				CLANG_WARN_COMMA = YES;
				CLANG_WARN_CONSTANT_CONVERSION = YES;
				CLANG_WARN_DEPRECATED_OBJC_IMPLEMENTATIONS = YES;
				CLANG_WARN_DIRECT_OBJC_ISA_USAGE = YES_ERROR;
				CLANG_WARN_DOCUMENTATION_COMMENTS = YES;
				CLANG_WARN_EMPTY_BODY = YES;
				CLANG_WARN_ENUM_CONVERSION = YES;
				CLANG_WARN_INFINITE_RECURSION = YES;
				CLANG_WARN_INT_CONVERSION = YES;
				CLANG_WARN_NON_LITERAL_NULL_CONVERSION = YES;
				CLANG_WARN_OBJC_IMPLICIT_RETAIN_SELF = YES;
				CLANG_WARN_OBJC_LITERAL_CONVERSION = YES;
				CLANG_WARN_OBJC_ROOT_CLASS = YES_ERROR;
				CLANG_WARN_QUOTED_INCLUDE_IN_FRAMEWORK_HEADER = YES;
				CLANG_WARN_RANGE_LOOP_ANALYSIS = YES;
				CLANG_WARN_STRICT_PROTOTYPES = YES;
				CLANG_WARN_SUSPICIOUS_MOVE = YES;
				CLANG_WARN_UNGUARDED_AVAILABILITY = YES_AGGRESSIVE;
				CLANG_WARN_UNREACHABLE_CODE = YES;
				CLANG_WARN__DUPLICATE_METHOD_MATCH = YES;
				COPY_PHASE_STRIP = NO;
				DEBUG_INFORMATION_FORMAT = "dwarf-with-dsym";
				ENABLE_NS_ASSERTIONS = NO;
				ENABLE_STRICT_OBJC_MSGSEND = YES;
				GCC_C_LANGUAGE_STANDARD = gnu11;
				GCC_NO_COMMON_BLOCKS = YES;
				GCC_WARN_64_TO_32_BIT_CONVERSION = YES;
				GCC_WARN_ABOUT_RETURN_TYPE = YES_ERROR;
				GCC_WARN_UNDECLARED_SELECTOR = YES;
				GCC_WARN_UNINITIALIZED_AUTOS = YES_AGGRESSIVE;
				GCC_WARN_UNUSED_FUNCTION = YES;
				GCC_WARN_UNUSED_VARIABLE = YES;
				IPHONEOS_DEPLOYMENT_TARGET = 16.2;
				MTL_ENABLE_DEBUG_INFO = NO;
				MTL_FAST_MATH = YES;
				SDKROOT = iphoneos;
				SWIFT_COMPILATION_MODE = wholemodule;
				SWIFT_OPTIMIZATION_LEVEL = "-O";
				VALIDATE_PRODUCT = YES;
			};
			name = Release;
		};
		2943681429A873940007A8D6 /* Debug */ = {
			isa = XCBuildConfiguration;
			baseConfigurationReference = 36786AEA7C1F46E5947101E1 /* Pods-CustomFontChallenge.debug.xcconfig */;
			buildSettings = {
				ASSETCATALOG_COMPILER_APPICON_NAME = AppIcon;
				ASSETCATALOG_COMPILER_GLOBAL_ACCENT_COLOR_NAME = AccentColor;
				CODE_SIGN_STYLE = Automatic;
				CURRENT_PROJECT_VERSION = 1;
				DEVELOPMENT_TEAM = 8XL3CTDGG8;
				GENERATE_INFOPLIST_FILE = YES;
				INFOPLIST_FILE = CustomFontChallenge/Info.plist;
				INFOPLIST_KEY_UIApplicationSupportsIndirectInputEvents = YES;
				INFOPLIST_KEY_UILaunchStoryboardName = LaunchScreen;
				INFOPLIST_KEY_UISupportedInterfaceOrientations_iPad = "UIInterfaceOrientationPortrait UIInterfaceOrientationPortraitUpsideDown UIInterfaceOrientationLandscapeLeft UIInterfaceOrientationLandscapeRight";
				INFOPLIST_KEY_UISupportedInterfaceOrientations_iPhone = "UIInterfaceOrientationPortrait UIInterfaceOrientationLandscapeLeft UIInterfaceOrientationLandscapeRight";
				LD_RUNPATH_SEARCH_PATHS = (
					"$(inherited)",
					"@executable_path/Frameworks",
				);
				MARKETING_VERSION = 1.0;
				PRODUCT_BUNDLE_IDENTIFIER = "com.asset-ryskul.CustomFontChallenge";
				PRODUCT_NAME = "$(TARGET_NAME)";
				SWIFT_EMIT_LOC_STRINGS = YES;
				SWIFT_VERSION = 5.0;
				TARGETED_DEVICE_FAMILY = "1,2";
			};
			name = Debug;
		};
		2943681529A873940007A8D6 /* Release */ = {
			isa = XCBuildConfiguration;
			baseConfigurationReference = EC95DEAC5FF99D4F61DBB710 /* Pods-CustomFontChallenge.release.xcconfig */;
			buildSettings = {
				ASSETCATALOG_COMPILER_APPICON_NAME = AppIcon;
				ASSETCATALOG_COMPILER_GLOBAL_ACCENT_COLOR_NAME = AccentColor;
				CODE_SIGN_STYLE = Automatic;
				CURRENT_PROJECT_VERSION = 1;
				DEVELOPMENT_TEAM = 8XL3CTDGG8;
				GENERATE_INFOPLIST_FILE = YES;
				INFOPLIST_FILE = CustomFontChallenge/Info.plist;
				INFOPLIST_KEY_UIApplicationSupportsIndirectInputEvents = YES;
				INFOPLIST_KEY_UILaunchStoryboardName = LaunchScreen;
				INFOPLIST_KEY_UISupportedInterfaceOrientations_iPad = "UIInterfaceOrientationPortrait UIInterfaceOrientationPortraitUpsideDown UIInterfaceOrientationLandscapeLeft UIInterfaceOrientationLandscapeRight";
				INFOPLIST_KEY_UISupportedInterfaceOrientations_iPhone = "UIInterfaceOrientationPortrait UIInterfaceOrientationLandscapeLeft UIInterfaceOrientationLandscapeRight";
				LD_RUNPATH_SEARCH_PATHS = (
					"$(inherited)",
					"@executable_path/Frameworks",
				);
				MARKETING_VERSION = 1.0;
				PRODUCT_BUNDLE_IDENTIFIER = "com.asset-ryskul.CustomFontChallenge";
				PRODUCT_NAME = "$(TARGET_NAME)";
				SWIFT_EMIT_LOC_STRINGS = YES;
				SWIFT_VERSION = 5.0;
				TARGETED_DEVICE_FAMILY = "1,2";
			};
			name = Release;
		};
/* End XCBuildConfiguration section */

/* Begin XCConfigurationList section */
		294367FA29A873930007A8D6 /* Build configuration list for PBXProject "CustomFontChallenge" */ = {
			isa = XCConfigurationList;
			buildConfigurations = (
				2943681129A873940007A8D6 /* Debug */,
				2943681229A873940007A8D6 /* Release */,
			);
			defaultConfigurationIsVisible = 0;
			defaultConfigurationName = Release;
		};
		2943681329A873940007A8D6 /* Build configuration list for PBXNativeTarget "CustomFontChallenge" */ = {
			isa = XCConfigurationList;
			buildConfigurations = (
				2943681429A873940007A8D6 /* Debug */,
				2943681529A873940007A8D6 /* Release */,
			);
			defaultConfigurationIsVisible = 0;
			defaultConfigurationName = Release;
		};
/* End XCConfigurationList section */
	};
	rootObject = 294367F729A873930007A8D6 /* Project object */;
}
